// !$*UTF8*$!
{
	archiveVersion = 1;
	classes = {
	};
	objectVersion = 50;
	objects = {

/* Begin PBXBuildFile section */
		AB6851FB2521C06A00AEAE7A /* Main.storyboard in Resources */ = {isa = PBXBuildFile; fileRef = AB6851F92521C06A00AEAE7A /* Main.storyboard */; };
		AB95BA462507955900DA9CEB /* AppDelegate.swift in Sources */ = {isa = PBXBuildFile; fileRef = AB95BA452507955900DA9CEB /* AppDelegate.swift */; };
		AB95BA482507955900DA9CEB /* SceneDelegate.swift in Sources */ = {isa = PBXBuildFile; fileRef = AB95BA472507955900DA9CEB /* SceneDelegate.swift */; };
		AB95BA4A2507955900DA9CEB /* ViewController.swift in Sources */ = {isa = PBXBuildFile; fileRef = AB95BA492507955900DA9CEB /* ViewController.swift */; };
		AB95BA4F2507955B00DA9CEB /* Assets.xcassets in Resources */ = {isa = PBXBuildFile; fileRef = AB95BA4E2507955B00DA9CEB /* Assets.xcassets */; };
		AB95BA522507955B00DA9CEB /* LaunchScreen.storyboard in Resources */ = {isa = PBXBuildFile; fileRef = AB95BA502507955B00DA9CEB /* LaunchScreen.storyboard */; };
		AB9C2A19251C8773008182DC /* Home.storyboard in Resources */ = {isa = PBXBuildFile; fileRef = AB9C2A18251C8773008182DC /* Home.storyboard */; };
		AB9C2A23251C8881008182DC /* HomeViewController.swift in Sources */ = {isa = PBXBuildFile; fileRef = AB9C2A22251C8881008182DC /* HomeViewController.swift */; };
/* End PBXBuildFile section */

/* Begin PBXFileReference section */
		AB6851FA2521C06A00AEAE7A /* Base */ = {isa = PBXFileReference; lastKnownFileType = file.storyboard; name = Base; path = Base.lproj/Main.storyboard; sourceTree = "<group>"; };
		AB95BA422507955900DA9CEB /* EmployeeManagement.app */ = {isa = PBXFileReference; explicitFileType = wrapper.application; includeInIndex = 0; path = EmployeeManagement.app; sourceTree = BUILT_PRODUCTS_DIR; };
		AB95BA452507955900DA9CEB /* AppDelegate.swift */ = {isa = PBXFileReference; lastKnownFileType = sourcecode.swift; path = AppDelegate.swift; sourceTree = "<group>"; };
		AB95BA472507955900DA9CEB /* SceneDelegate.swift */ = {isa = PBXFileReference; lastKnownFileType = sourcecode.swift; path = SceneDelegate.swift; sourceTree = "<group>"; };
		AB95BA492507955900DA9CEB /* ViewController.swift */ = {isa = PBXFileReference; lastKnownFileType = sourcecode.swift; path = ViewController.swift; sourceTree = "<group>"; };
		AB95BA4E2507955B00DA9CEB /* Assets.xcassets */ = {isa = PBXFileReference; lastKnownFileType = folder.assetcatalog; path = Assets.xcassets; sourceTree = "<group>"; };
		AB95BA512507955B00DA9CEB /* Base */ = {isa = PBXFileReference; lastKnownFileType = file.storyboard; name = Base; path = Base.lproj/LaunchScreen.storyboard; sourceTree = "<group>"; };
		AB95BA532507955B00DA9CEB /* Info.plist */ = {isa = PBXFileReference; lastKnownFileType = text.plist.xml; path = Info.plist; sourceTree = "<group>"; };
		AB9C2A18251C8773008182DC /* Home.storyboard */ = {isa = PBXFileReference; lastKnownFileType = file.storyboard; path = Home.storyboard; sourceTree = "<group>"; };
		AB9C2A22251C8881008182DC /* HomeViewController.swift */ = {isa = PBXFileReference; lastKnownFileType = sourcecode.swift; path = HomeViewController.swift; sourceTree = "<group>"; };
/* End PBXFileReference section */

/* Begin PBXFrameworksBuildPhase section */
		AB95BA3F2507955900DA9CEB /* Frameworks */ = {
			isa = PBXFrameworksBuildPhase;
			buildActionMask = 2147483647;
			files = (
			);
			runOnlyForDeploymentPostprocessing = 0;
		};
/* End PBXFrameworksBuildPhase section */

/* Begin PBXGroup section */
		AB95BA392507955900DA9CEB = {
			isa = PBXGroup;
			children = (
				AB95BA442507955900DA9CEB /* EmployeeManagement */,
				AB95BA432507955900DA9CEB /* Products */,
			);
			sourceTree = "<group>";
		};
		AB95BA432507955900DA9CEB /* Products */ = {
			isa = PBXGroup;
			children = (
				AB95BA422507955900DA9CEB /* EmployeeManagement.app */,
			);
			name = Products;
			sourceTree = "<group>";
		};
		AB95BA442507955900DA9CEB /* EmployeeManagement */ = {
			isa = PBXGroup;
			children = (
				AB95BA452507955900DA9CEB /* AppDelegate.swift */,
				AB95BA472507955900DA9CEB /* SceneDelegate.swift */,
				AB95BA492507955900DA9CEB /* ViewController.swift */,
				AB9C2A1F251C87C5008182DC /* ViewController */,
				AB9C2A1B251C877B008182DC /* StoryBoard */,
				AB95BA4E2507955B00DA9CEB /* Assets.xcassets */,
				AB95BA502507955B00DA9CEB /* LaunchScreen.storyboard */,
				AB95BA532507955B00DA9CEB /* Info.plist */,
			);
			path = EmployeeManagement;
			sourceTree = "<group>";
		};
		AB9C2A1B251C877B008182DC /* StoryBoard */ = {
			isa = PBXGroup;
			children = (
				AB6851F92521C06A00AEAE7A /* Main.storyboard */,
				AB9C2A18251C8773008182DC /* Home.storyboard */,
			);
			path = StoryBoard;
			sourceTree = "<group>";
		};
		AB9C2A1F251C87C5008182DC /* ViewController */ = {
			isa = PBXGroup;
			children = (
				AB9C2A22251C8881008182DC /* HomeViewController.swift */,
			);
			path = ViewController;
			sourceTree = "<group>";
		};
/* End PBXGroup section */

/* Begin PBXNativeTarget section */
		AB95BA412507955900DA9CEB /* EmployeeManagement */ = {
			isa = PBXNativeTarget;
			buildConfigurationList = AB95BA562507955B00DA9CEB /* Build configuration list for PBXNativeTarget "EmployeeManagement" */;
			buildPhases = (
				AB95BA3E2507955900DA9CEB /* Sources */,
				AB95BA3F2507955900DA9CEB /* Frameworks */,
				AB95BA402507955900DA9CEB /* Resources */,
			);
			buildRules = (
			);
			dependencies = (
			);
			name = EmployeeManagement;
			productName = EmployeeManagement;
			productReference = AB95BA422507955900DA9CEB /* EmployeeManagement.app */;
			productType = "com.apple.product-type.application";
		};
/* End PBXNativeTarget section */

/* Begin PBXProject section */
		AB95BA3A2507955900DA9CEB /* Project object */ = {
			isa = PBXProject;
			attributes = {
				LastSwiftUpdateCheck = 1170;
				LastUpgradeCheck = 1170;
				ORGANIZATIONNAME = "SangHyuk Lee";
				TargetAttributes = {
					AB95BA412507955900DA9CEB = {
						CreatedOnToolsVersion = 11.7;
					};
				};
			};
			buildConfigurationList = AB95BA3D2507955900DA9CEB /* Build configuration list for PBXProject "EmployeeManagement" */;
			compatibilityVersion = "Xcode 9.3";
			developmentRegion = en;
			hasScannedForEncodings = 0;
			knownRegions = (
				en,
				Base,
			);
			mainGroup = AB95BA392507955900DA9CEB;
			productRefGroup = AB95BA432507955900DA9CEB /* Products */;
			projectDirPath = "";
			projectRoot = "";
			targets = (
				AB95BA412507955900DA9CEB /* EmployeeManagement */,
			);
		};
/* End PBXProject section */

/* Begin PBXResourcesBuildPhase section */
		AB95BA402507955900DA9CEB /* Resources */ = {
			isa = PBXResourcesBuildPhase;
			buildActionMask = 2147483647;
			files = (
				AB95BA522507955B00DA9CEB /* LaunchScreen.storyboard in Resources */,
				AB95BA4F2507955B00DA9CEB /* Assets.xcassets in Resources */,
				AB9C2A19251C8773008182DC /* Home.storyboard in Resources */,
				AB6851FB2521C06A00AEAE7A /* Main.storyboard in Resources */,
			);
			runOnlyForDeploymentPostprocessing = 0;
		};
/* End PBXResourcesBuildPhase section */

/* Begin PBXSourcesBuildPhase section */
		AB95BA3E2507955900DA9CEB /* Sources */ = {
			isa = PBXSourcesBuildPhase;
			buildActionMask = 2147483647;
			files = (
				AB95BA4A2507955900DA9CEB /* ViewController.swift in Sources */,
				AB95BA462507955900DA9CEB /* AppDelegate.swift in Sources */,
				AB95BA482507955900DA9CEB /* SceneDelegate.swift in Sources */,
				AB9C2A23251C8881008182DC /* HomeViewController.swift in Sources */,
			);
			runOnlyForDeploymentPostprocessing = 0;
		};
/* End PBXSourcesBuildPhase section */

/* Begin PBXVariantGroup section */
		AB6851F92521C06A00AEAE7A /* Main.storyboard */ = {
			isa = PBXVariantGroup;
			children = (
				AB6851FA2521C06A00AEAE7A /* Base */,
			);
			name = Main.storyboard;
			sourceTree = "<group>";
		};
		AB95BA502507955B00DA9CEB /* LaunchScreen.storyboard */ = {
			isa = PBXVariantGroup;
			children = (
				AB95BA512507955B00DA9CEB /* Base */,
			);
			name = LaunchScreen.storyboard;
			sourceTree = "<group>";
		};
/* End PBXVariantGroup section */

/* Begin XCBuildConfiguration section */
		AB95BA542507955B00DA9CEB /* Debug */ = {
			isa = XCBuildConfiguration;
			buildSettings = {
				ALWAYS_SEARCH_USER_PATHS = NO;
				CLANG_ANALYZER_NONNULL = YES;
				CLANG_ANALYZER_NUMBER_OBJECT_CONVERSION = YES_AGGRESSIVE;
				CLANG_CXX_LANGUAGE_STANDARD = "gnu++14";
				CLANG_CXX_LIBRARY = "libc++";
				CLANG_ENABLE_MODULES = YES;
				CLANG_ENABLE_OBJC_ARC = YES;
				CLANG_ENABLE_OBJC_WEAK = YES;
				CLANG_WARN_BLOCK_CAPTURE_AUTORELEASING = YES;
				CLANG_WARN_BOOL_CONVERSION = YES;
				CLANG_WARN_COMMA = YES;
				CLANG_WARN_CONSTANT_CONVERSION = YES;
				CLANG_WARN_DEPRECATED_OBJC_IMPLEMENTATIONS = YES;
				CLANG_WARN_DIRECT_OBJC_ISA_USAGE = YES_ERROR;
				CLANG_WARN_DOCUMENTATION_COMMENTS = YES;
				CLANG_WARN_EMPTY_BODY = YES;
				CLANG_WARN_ENUM_CONVERSION = YES;
				CLANG_WARN_INFINITE_RECURSION = YES;
				CLANG_WARN_INT_CONVERSION = YES;
				CLANG_WARN_NON_LITERAL_NULL_CONVERSION = YES;
				CLANG_WARN_OBJC_IMPLICIT_RETAIN_SELF = YES;
				CLANG_WARN_OBJC_LITERAL_CONVERSION = YES;
				CLANG_WARN_OBJC_ROOT_CLASS = YES_ERROR;
				CLANG_WARN_RANGE_LOOP_ANALYSIS = YES;
				CLANG_WARN_STRICT_PROTOTYPES = YES;
				CLANG_WARN_SUSPICIOUS_MOVE = YES;
				CLANG_WARN_UNGUARDED_AVAILABILITY = YES_AGGRESSIVE;
				CLANG_WARN_UNREACHABLE_CODE = YES;
				CLANG_WARN__DUPLICATE_METHOD_MATCH = YES;
				COPY_PHASE_STRIP = NO;
				DEBUG_INFORMATION_FORMAT = dwarf;
				ENABLE_STRICT_OBJC_MSGSEND = YES;
				ENABLE_TESTABILITY = YES;
				GCC_C_LANGUAGE_STANDARD = gnu11;
				GCC_DYNAMIC_NO_PIC = NO;
				GCC_NO_COMMON_BLOCKS = YES;
				GCC_OPTIMIZATION_LEVEL = 0;
				GCC_PREPROCESSOR_DEFINITIONS = (
					"DEBUG=1",
					"$(inherited)",
				);
				GCC_WARN_64_TO_32_BIT_CONVERSION = YES;
				GCC_WARN_ABOUT_RETURN_TYPE = YES_ERROR;
				GCC_WARN_UNDECLARED_SELECTOR = YES;
				GCC_WARN_UNINITIALIZED_AUTOS = YES_AGGRESSIVE;
				GCC_WARN_UNUSED_FUNCTION = YES;
				GCC_WARN_UNUSED_VARIABLE = YES;
				IPHONEOS_DEPLOYMENT_TARGET = 13.7;
				MTL_ENABLE_DEBUG_INFO = INCLUDE_SOURCE;
				MTL_FAST_MATH = YES;
				ONLY_ACTIVE_ARCH = YES;
				SDKROOT = iphoneos;
				SWIFT_ACTIVE_COMPILATION_CONDITIONS = DEBUG;
				SWIFT_OPTIMIZATION_LEVEL = "-Onone";
			};
			name = Debug;
		};
		AB95BA552507955B00DA9CEB /* Release */ = {
			isa = XCBuildConfiguration;
			buildSettings = {
				ALWAYS_SEARCH_USER_PATHS = NO;
				CLANG_ANALYZER_NONNULL = YES;
				CLANG_ANALYZER_NUMBER_OBJECT_CONVERSION = YES_AGGRESSIVE;
				CLANG_CXX_LANGUAGE_STANDARD = "gnu++14";
				CLANG_CXX_LIBRARY = "libc++";
				CLANG_ENABLE_MODULES = YES;
				CLANG_ENABLE_OBJC_ARC = YES;
				CLANG_ENABLE_OBJC_WEAK = YES;
				CLANG_WARN_BLOCK_CAPTURE_AUTORELEASING = YES;
				CLANG_WARN_BOOL_CONVERSION = YES;
				CLANG_WARN_COMMA = YES;
				CLANG_WARN_CONSTANT_CONVERSION = YES;
				CLANG_WARN_DEPRECATED_OBJC_IMPLEMENTATIONS = YES;
				CLANG_WARN_DIRECT_OBJC_ISA_USAGE = YES_ERROR;
				CLANG_WARN_DOCUMENTATION_COMMENTS = YES;
				CLANG_WARN_EMPTY_BODY = YES;
				CLANG_WARN_ENUM_CONVERSION = YES;
				CLANG_WARN_INFINITE_RECURSION = YES;
				CLANG_WARN_INT_CONVERSION = YES;
				CLANG_WARN_NON_LITERAL_NULL_CONVERSION = YES;
				CLANG_WARN_OBJC_IMPLICIT_RETAIN_SELF = YES;
				CLANG_WARN_OBJC_LITERAL_CONVERSION = YES;
				CLANG_WARN_OBJC_ROOT_CLASS = YES_ERROR;
				CLANG_WARN_RANGE_LOOP_ANALYSIS = YES;
				CLANG_WARN_STRICT_PROTOTYPES = YES;
				CLANG_WARN_SUSPICIOUS_MOVE = YES;
				CLANG_WARN_UNGUARDED_AVAILABILITY = YES_AGGRESSIVE;
				CLANG_WARN_UNREACHABLE_CODE = YES;
				CLANG_WARN__DUPLICATE_METHOD_MATCH = YES;
				COPY_PHASE_STRIP = NO;
				DEBUG_INFORMATION_FORMAT = "dwarf-with-dsym";
				ENABLE_NS_ASSERTIONS = NO;
				ENABLE_STRICT_OBJC_MSGSEND = YES;
				GCC_C_LANGUAGE_STANDARD = gnu11;
				GCC_NO_COMMON_BLOCKS = YES;
				GCC_WARN_64_TO_32_BIT_CONVERSION = YES;
				GCC_WARN_ABOUT_RETURN_TYPE = YES_ERROR;
				GCC_WARN_UNDECLARED_SELECTOR = YES;
				GCC_WARN_UNINITIALIZED_AUTOS = YES_AGGRESSIVE;
				GCC_WARN_UNUSED_FUNCTION = YES;
				GCC_WARN_UNUSED_VARIABLE = YES;
				IPHONEOS_DEPLOYMENT_TARGET = 13.7;
				MTL_ENABLE_DEBUG_INFO = NO;
				MTL_FAST_MATH = YES;
				SDKROOT = iphoneos;
				SWIFT_COMPILATION_MODE = wholemodule;
				SWIFT_OPTIMIZATION_LEVEL = "-O";
				VALIDATE_PRODUCT = YES;
			};
			name = Release;
		};
		AB95BA572507955B00DA9CEB /* Debug */ = {
			isa = XCBuildConfiguration;
			buildSettings = {
				ASSETCATALOG_COMPILER_APPICON_NAME = AppIcon;
				CODE_SIGN_STYLE = Automatic;
				DEVELOPMENT_TEAM = 4YLWWCZ2RV;
				INFOPLIST_FILE = EmployeeManagement/Info.plist;
				IPHONEOS_DEPLOYMENT_TARGET = 13.0;
				LD_RUNPATH_SEARCH_PATHS = (
					"$(inherited)",
					"@executable_path/Frameworks",
				);
				PRODUCT_BUNDLE_IDENTIFIER = com.sanghyuk.EmployeeManagement;
				PRODUCT_NAME = "$(TARGET_NAME)";
				SWIFT_VERSION = 5.0;
				TARGETED_DEVICE_FAMILY = 1;
			};
			name = Debug;
		};
		AB95BA582507955B00DA9CEB /* Release */ = {
			isa = XCBuildConfiguration;
			buildSettings = {
				ASSETCATALOG_COMPILER_APPICON_NAME = AppIcon;
				CODE_SIGN_STYLE = Automatic;
				DEVELOPMENT_TEAM = 4YLWWCZ2RV;
				INFOPLIST_FILE = EmployeeManagement/Info.plist;
				IPHONEOS_DEPLOYMENT_TARGET = 13.0;
				LD_RUNPATH_SEARCH_PATHS = (
					"$(inherited)",
					"@executable_path/Frameworks",
				);
				PRODUCT_BUNDLE_IDENTIFIER = com.sanghyuk.EmployeeManagement;
				PRODUCT_NAME = "$(TARGET_NAME)";
				SWIFT_VERSION = 5.0;
				TARGETED_DEVICE_FAMILY = 1;
			};
			name = Release;
		};
/* End XCBuildConfiguration section */

/* Begin XCConfigurationList section */
		AB95BA3D2507955900DA9CEB /* Build configuration list for PBXProject "EmployeeManagement" */ = {
			isa = XCConfigurationList;
			buildConfigurations = (
				AB95BA542507955B00DA9CEB /* Debug */,
				AB95BA552507955B00DA9CEB /* Release */,
			);
			defaultConfigurationIsVisible = 0;
			defaultConfigurationName = Release;
		};
		AB95BA562507955B00DA9CEB /* Build configuration list for PBXNativeTarget "EmployeeManagement" */ = {
			isa = XCConfigurationList;
			buildConfigurations = (
				AB95BA572507955B00DA9CEB /* Debug */,
				AB95BA582507955B00DA9CEB /* Release */,
			);
			defaultConfigurationIsVisible = 0;
			defaultConfigurationName = Release;
		};
/* End XCConfigurationList section */
	};
	rootObject = AB95BA3A2507955900DA9CEB /* Project object */;
}
